
Microsoft Visual Studio Solution File, Format Version 12.00
# Visual Studio Version 17
VisualStudioVersion = 17.5.002.0
MinimumVisualStudioVersion = 10.0.40219.1
Project("{9A19103F-16F7-4668-BE54-9A1E7A4F7556}") = "pz2-lab4", "pz2-lab4.csproj", "{EC64289E-1A01-4E81-B779-ECB3540B0EBE}"
EndProject
Global
	GlobalSection(SolutionConfigurationPlatforms) = preSolution
		Debug|Any CPU = Debug|Any CPU
		Release|Any CPU = Release|Any CPU
	EndGlobalSection
	GlobalSection(ProjectConfigurationPlatforms) = postSolution
		{EC64289E-1A01-4E81-B779-ECB3540B0EBE}.Debug|Any CPU.ActiveCfg = Debug|Any CPU
		{EC64289E-1A01-4E81-B779-ECB3540B0EBE}.Debug|Any CPU.Build.0 = Debug|Any CPU
		{EC64289E-1A01-4E81-B779-ECB3540B0EBE}.Release|Any CPU.ActiveCfg = Release|Any CPU
		{EC64289E-1A01-4E81-B779-ECB3540B0EBE}.Release|Any CPU.Build.0 = Release|Any CPU
	EndGlobalSection
	GlobalSection(SolutionProperties) = preSolution
		HideSolutionNode = FALSE
	EndGlobalSection
	GlobalSection(ExtensibilityGlobals) = postSolution
		SolutionGuid = {3494F7C8-C964-42B3-A953-96E7B284F006}
	EndGlobalSection
EndGlobal
